
Microsoft Visual Studio Solution File, Format Version 12.00
# Visual Studio Version 17
VisualStudioVersion = 17.9.34728.123
MinimumVisualStudioVersion = 10.0.40219.1
Project("{FAE04EC0-301F-11D3-BF4B-00C04F79EFBC}") = "paraDentro", "paraDentro\paraDentro.csproj", "{B678667F-E653-4E23-B30B-C71DBE68950B}"
EndProject
Global
	GlobalSection(SolutionConfigurationPlatforms) = preSolution
		Debug|Any CPU = Debug|Any CPU
		Release|Any CPU = Release|Any CPU
	EndGlobalSection
	GlobalSection(ProjectConfigurationPlatforms) = postSolution
		{B678667F-E653-4E23-B30B-C71DBE68950B}.Debug|Any CPU.ActiveCfg = Debug|Any CPU
		{B678667F-E653-4E23-B30B-C71DBE68950B}.Debug|Any CPU.Build.0 = Debug|Any CPU
		{B678667F-E653-4E23-B30B-C71DBE68950B}.Release|Any CPU.ActiveCfg = Release|Any CPU
		{B678667F-E653-4E23-B30B-C71DBE68950B}.Release|Any CPU.Build.0 = Release|Any CPU
	EndGlobalSection
	GlobalSection(SolutionProperties) = preSolution
		HideSolutionNode = FALSE
	EndGlobalSection
	GlobalSection(ExtensibilityGlobals) = postSolution
		SolutionGuid = {2CAFBDEF-F9C8-49CD-AFAB-B80063696CA5}
	EndGlobalSection
EndGlobal
